
Microsoft Visual Studio Solution File, Format Version 12.00
# Visual Studio 2012
Project("{FAE04EC0-301F-11D3-BF4B-00C04F79EFBC}") = "StatCoach", "StatCoach\StatCoach.csproj", "{7D3F687E-C09F-4E89-9183-0048D3645B84}"
EndProject
Project("{FAE04EC0-301F-11D3-BF4B-00C04F79EFBC}") = "StatCoach.Test", "StatCoach.Test\StatCoach.Test.csproj", "{07D32C87-B11E-421B-9113-C9002DF35A5C}"
EndProject
Global
	GlobalSection(SolutionConfigurationPlatforms) = preSolution
		Debug|Any CPU = Debug|Any CPU
		Release|Any CPU = Release|Any CPU
	EndGlobalSection
	GlobalSection(ProjectConfigurationPlatforms) = postSolution
		{7D3F687E-C09F-4E89-9183-0048D3645B84}.Debug|Any CPU.ActiveCfg = Debug|Any CPU
		{7D3F687E-C09F-4E89-9183-0048D3645B84}.Debug|Any CPU.Build.0 = Debug|Any CPU
		{7D3F687E-C09F-4E89-9183-0048D3645B84}.Release|Any CPU.ActiveCfg = Release|Any CPU
		{7D3F687E-C09F-4E89-9183-0048D3645B84}.Release|Any CPU.Build.0 = Release|Any CPU
		{07D32C87-B11E-421B-9113-C9002DF35A5C}.Debug|Any CPU.ActiveCfg = Debug|Any CPU
		{07D32C87-B11E-421B-9113-C9002DF35A5C}.Debug|Any CPU.Build.0 = Debug|Any CPU
		{07D32C87-B11E-421B-9113-C9002DF35A5C}.Release|Any CPU.ActiveCfg = Release|Any CPU
		{07D32C87-B11E-421B-9113-C9002DF35A5C}.Release|Any CPU.Build.0 = Release|Any CPU
	EndGlobalSection
	GlobalSection(SolutionProperties) = preSolution
		HideSolutionNode = FALSE
	EndGlobalSection
EndGlobal
